
Microsoft Visual Studio Solution File, Format Version 12.00
# Visual Studio Version 16
VisualStudioVersion = 16.0.32510.428
MinimumVisualStudioVersion = 10.0.40219.1
Project("{FAE04EC0-301F-11D3-BF4B-00C04F79EFBC}") = "KidsLearning", "KidsLearning\KidsLearning.csproj", "{55D69794-CB17-4B1A-97BC-A85B3E579D5B}"
EndProject
Project("{FAE04EC0-301F-11D3-BF4B-00C04F79EFBC}") = "KidsLearningLib", "KidsLearningLib\KidsLearningLib.csproj", "{F1882239-D2D0-4FA2-8B1B-0ACFCB38F537}"
EndProject
Global
	GlobalSection(SolutionConfigurationPlatforms) = preSolution
		Debug|Any CPU = Debug|Any CPU
		Release|Any CPU = Release|Any CPU
	EndGlobalSection
	GlobalSection(ProjectConfigurationPlatforms) = postSolution
		{55D69794-CB17-4B1A-97BC-A85B3E579D5B}.Debug|Any CPU.ActiveCfg = Debug|Any CPU
		{55D69794-CB17-4B1A-97BC-A85B3E579D5B}.Debug|Any CPU.Build.0 = Debug|Any CPU
		{55D69794-CB17-4B1A-97BC-A85B3E579D5B}.Release|Any CPU.ActiveCfg = Release|Any CPU
		{55D69794-CB17-4B1A-97BC-A85B3E579D5B}.Release|Any CPU.Build.0 = Release|Any CPU
		{F1882239-D2D0-4FA2-8B1B-0ACFCB38F537}.Debug|Any CPU.ActiveCfg = Debug|Any CPU
		{F1882239-D2D0-4FA2-8B1B-0ACFCB38F537}.Debug|Any CPU.Build.0 = Debug|Any CPU
		{F1882239-D2D0-4FA2-8B1B-0ACFCB38F537}.Release|Any CPU.ActiveCfg = Release|Any CPU
		{F1882239-D2D0-4FA2-8B1B-0ACFCB38F537}.Release|Any CPU.Build.0 = Release|Any CPU
	EndGlobalSection
	GlobalSection(SolutionProperties) = preSolution
		HideSolutionNode = FALSE
	EndGlobalSection
	GlobalSection(ExtensibilityGlobals) = postSolution
		SolutionGuid = {C2E68560-DB65-4D74-9190-A7064331D71B}
	EndGlobalSection
EndGlobal
